// !$*UTF8*$!
{
	archiveVersion = 1;
	classes = {
	};
	objectVersion = 56;
	objects = {

/* Begin PBXBuildFile section */
		8E876E2D2A1CF87D005ED773 /* AppDelegate.swift in Sources */ = {isa = PBXBuildFile; fileRef = 8E876E2C2A1CF87D005ED773 /* AppDelegate.swift */; };
		8E876E2F2A1CF87D005ED773 /* SceneDelegate.swift in Sources */ = {isa = PBXBuildFile; fileRef = 8E876E2E2A1CF87D005ED773 /* SceneDelegate.swift */; };
		8E876E362A1CF880005ED773 /* Assets.xcassets in Resources */ = {isa = PBXBuildFile; fileRef = 8E876E352A1CF880005ED773 /* Assets.xcassets */; };
		8E876E392A1CF880005ED773 /* LaunchScreen.storyboard in Resources */ = {isa = PBXBuildFile; fileRef = 8E876E372A1CF880005ED773 /* LaunchScreen.storyboard */; };
		8E876E442A1CF880005ED773 /* AppStoreCloneTests.swift in Sources */ = {isa = PBXBuildFile; fileRef = 8E876E432A1CF880005ED773 /* AppStoreCloneTests.swift */; };
		8E876E4E2A1CF880005ED773 /* AppStoreCloneUITests.swift in Sources */ = {isa = PBXBuildFile; fileRef = 8E876E4D2A1CF880005ED773 /* AppStoreCloneUITests.swift */; };
		8E876E502A1CF880005ED773 /* AppStoreCloneUITestsLaunchTests.swift in Sources */ = {isa = PBXBuildFile; fileRef = 8E876E4F2A1CF880005ED773 /* AppStoreCloneUITestsLaunchTests.swift */; };
		8E876E5D2A1CFA95005ED773 /* APIManager.swift in Sources */ = {isa = PBXBuildFile; fileRef = 8E876E5C2A1CFA95005ED773 /* APIManager.swift */; };
		8E876E5F2A1CFD9A005ED773 /* MainTabBarController.swift in Sources */ = {isa = PBXBuildFile; fileRef = 8E876E5E2A1CFD9A005ED773 /* MainTabBarController.swift */; };
		8E9487972A2447260073AD88 /* NewDiscoveryCell.swift in Sources */ = {isa = PBXBuildFile; fileRef = 8E9487962A2447260073AD88 /* NewDiscoveryCell.swift */; };
		8E9487992A24473E0073AD88 /* RecommendItemCell.swift in Sources */ = {isa = PBXBuildFile; fileRef = 8E9487982A24473E0073AD88 /* RecommendItemCell.swift */; };
		8E94879B2A2493120073AD88 /* SearchSectionHeaderView.swift in Sources */ = {isa = PBXBuildFile; fileRef = 8E94879A2A2493120073AD88 /* SearchSectionHeaderView.swift */; };
		8E94879E2A249A3B0073AD88 /* SearchSection.swift in Sources */ = {isa = PBXBuildFile; fileRef = 8E94879D2A249A3B0073AD88 /* SearchSection.swift */; };
		8E9487A02A249A4B0073AD88 /* SearchNewDiscoveryModel.swift in Sources */ = {isa = PBXBuildFile; fileRef = 8E94879F2A249A4B0073AD88 /* SearchNewDiscoveryModel.swift */; };
		8E9487A22A249A5C0073AD88 /* SearchRecommenModel.swift in Sources */ = {isa = PBXBuildFile; fileRef = 8E9487A12A249A5C0073AD88 /* SearchRecommenModel.swift */; };
		8ED9E5822A22E6A10059BCD3 /* SearchViewController.swift in Sources */ = {isa = PBXBuildFile; fileRef = 8ED9E5812A22E6A10059BCD3 /* SearchViewController.swift */; };
		8ED9E58B2A22E8FB0059BCD3 /* HomeViewController.swift in Sources */ = {isa = PBXBuildFile; fileRef = 8ED9E58A2A22E8FB0059BCD3 /* HomeViewController.swift */; };
		8ED9E58D2A22E90F0059BCD3 /* GameViewController.swift in Sources */ = {isa = PBXBuildFile; fileRef = 8ED9E58C2A22E90F0059BCD3 /* GameViewController.swift */; };
		8ED9E58F2A22E9250059BCD3 /* AppViewController.swift in Sources */ = {isa = PBXBuildFile; fileRef = 8ED9E58E2A22E9250059BCD3 /* AppViewController.swift */; };
		8ED9E5912A22E9370059BCD3 /* ArcadeViewController.swift in Sources */ = {isa = PBXBuildFile; fileRef = 8ED9E5902A22E9370059BCD3 /* ArcadeViewController.swift */; };
		8ED9E5942A22EC8D0059BCD3 /* UIColor+.swift in Sources */ = {isa = PBXBuildFile; fileRef = 8ED9E5932A22EC8D0059BCD3 /* UIColor+.swift */; };
		8ED9E5962A2301AD0059BCD3 /* SearchViewModel.swift in Sources */ = {isa = PBXBuildFile; fileRef = 8ED9E5952A2301AD0059BCD3 /* SearchViewModel.swift */; };
/* End PBXBuildFile section */

/* Begin PBXContainerItemProxy section */
		8E876E402A1CF880005ED773 /* PBXContainerItemProxy */ = {
			isa = PBXContainerItemProxy;
			containerPortal = 8E876E212A1CF87D005ED773 /* Project object */;
			proxyType = 1;
			remoteGlobalIDString = 8E876E282A1CF87D005ED773;
			remoteInfo = AppStoreClone;
		};
		8E876E4A2A1CF880005ED773 /* PBXContainerItemProxy */ = {
			isa = PBXContainerItemProxy;
			containerPortal = 8E876E212A1CF87D005ED773 /* Project object */;
			proxyType = 1;
			remoteGlobalIDString = 8E876E282A1CF87D005ED773;
			remoteInfo = AppStoreClone;
		};
/* End PBXContainerItemProxy section */

/* Begin PBXFileReference section */
		8E876E292A1CF87D005ED773 /* AppStoreClone.app */ = {isa = PBXFileReference; explicitFileType = wrapper.application; includeInIndex = 0; path = AppStoreClone.app; sourceTree = BUILT_PRODUCTS_DIR; };
		8E876E2C2A1CF87D005ED773 /* AppDelegate.swift */ = {isa = PBXFileReference; lastKnownFileType = sourcecode.swift; path = AppDelegate.swift; sourceTree = "<group>"; };
		8E876E2E2A1CF87D005ED773 /* SceneDelegate.swift */ = {isa = PBXFileReference; lastKnownFileType = sourcecode.swift; path = SceneDelegate.swift; sourceTree = "<group>"; };
		8E876E352A1CF880005ED773 /* Assets.xcassets */ = {isa = PBXFileReference; lastKnownFileType = folder.assetcatalog; path = Assets.xcassets; sourceTree = "<group>"; };
		8E876E382A1CF880005ED773 /* Base */ = {isa = PBXFileReference; lastKnownFileType = file.storyboard; name = Base; path = Base.lproj/LaunchScreen.storyboard; sourceTree = "<group>"; };
		8E876E3A2A1CF880005ED773 /* Info.plist */ = {isa = PBXFileReference; lastKnownFileType = text.plist.xml; path = Info.plist; sourceTree = "<group>"; };
		8E876E3F2A1CF880005ED773 /* AppStoreCloneTests.xctest */ = {isa = PBXFileReference; explicitFileType = wrapper.cfbundle; includeInIndex = 0; path = AppStoreCloneTests.xctest; sourceTree = BUILT_PRODUCTS_DIR; };
		8E876E432A1CF880005ED773 /* AppStoreCloneTests.swift */ = {isa = PBXFileReference; lastKnownFileType = sourcecode.swift; path = AppStoreCloneTests.swift; sourceTree = "<group>"; };
		8E876E492A1CF880005ED773 /* AppStoreCloneUITests.xctest */ = {isa = PBXFileReference; explicitFileType = wrapper.cfbundle; includeInIndex = 0; path = AppStoreCloneUITests.xctest; sourceTree = BUILT_PRODUCTS_DIR; };
		8E876E4D2A1CF880005ED773 /* AppStoreCloneUITests.swift */ = {isa = PBXFileReference; lastKnownFileType = sourcecode.swift; path = AppStoreCloneUITests.swift; sourceTree = "<group>"; };
		8E876E4F2A1CF880005ED773 /* AppStoreCloneUITestsLaunchTests.swift */ = {isa = PBXFileReference; lastKnownFileType = sourcecode.swift; path = AppStoreCloneUITestsLaunchTests.swift; sourceTree = "<group>"; };
		8E876E5C2A1CFA95005ED773 /* APIManager.swift */ = {isa = PBXFileReference; lastKnownFileType = sourcecode.swift; path = APIManager.swift; sourceTree = "<group>"; };
		8E876E5E2A1CFD9A005ED773 /* MainTabBarController.swift */ = {isa = PBXFileReference; lastKnownFileType = sourcecode.swift; path = MainTabBarController.swift; sourceTree = "<group>"; };
		8E9487962A2447260073AD88 /* NewDiscoveryCell.swift */ = {isa = PBXFileReference; lastKnownFileType = sourcecode.swift; path = NewDiscoveryCell.swift; sourceTree = "<group>"; };
		8E9487982A24473E0073AD88 /* RecommendItemCell.swift */ = {isa = PBXFileReference; lastKnownFileType = sourcecode.swift; path = RecommendItemCell.swift; sourceTree = "<group>"; };
		8E94879A2A2493120073AD88 /* SearchSectionHeaderView.swift */ = {isa = PBXFileReference; lastKnownFileType = sourcecode.swift; path = SearchSectionHeaderView.swift; sourceTree = "<group>"; };
		8E94879D2A249A3B0073AD88 /* SearchSection.swift */ = {isa = PBXFileReference; lastKnownFileType = sourcecode.swift; path = SearchSection.swift; sourceTree = "<group>"; };
		8E94879F2A249A4B0073AD88 /* SearchNewDiscoveryModel.swift */ = {isa = PBXFileReference; lastKnownFileType = sourcecode.swift; path = SearchNewDiscoveryModel.swift; sourceTree = "<group>"; };
		8E9487A12A249A5C0073AD88 /* SearchRecommenModel.swift */ = {isa = PBXFileReference; lastKnownFileType = sourcecode.swift; path = SearchRecommenModel.swift; sourceTree = "<group>"; };
		8ED9E5812A22E6A10059BCD3 /* SearchViewController.swift */ = {isa = PBXFileReference; lastKnownFileType = sourcecode.swift; path = SearchViewController.swift; sourceTree = "<group>"; };
		8ED9E58A2A22E8FB0059BCD3 /* HomeViewController.swift */ = {isa = PBXFileReference; lastKnownFileType = sourcecode.swift; path = HomeViewController.swift; sourceTree = "<group>"; };
		8ED9E58C2A22E90F0059BCD3 /* GameViewController.swift */ = {isa = PBXFileReference; lastKnownFileType = sourcecode.swift; path = GameViewController.swift; sourceTree = "<group>"; };
		8ED9E58E2A22E9250059BCD3 /* AppViewController.swift */ = {isa = PBXFileReference; lastKnownFileType = sourcecode.swift; path = AppViewController.swift; sourceTree = "<group>"; };
		8ED9E5902A22E9370059BCD3 /* ArcadeViewController.swift */ = {isa = PBXFileReference; lastKnownFileType = sourcecode.swift; path = ArcadeViewController.swift; sourceTree = "<group>"; };
		8ED9E5932A22EC8D0059BCD3 /* UIColor+.swift */ = {isa = PBXFileReference; lastKnownFileType = sourcecode.swift; path = "UIColor+.swift"; sourceTree = "<group>"; };
		8ED9E5952A2301AD0059BCD3 /* SearchViewModel.swift */ = {isa = PBXFileReference; lastKnownFileType = sourcecode.swift; path = SearchViewModel.swift; sourceTree = "<group>"; };
/* End PBXFileReference section */

/* Begin PBXFrameworksBuildPhase section */
		8E876E262A1CF87D005ED773 /* Frameworks */ = {
			isa = PBXFrameworksBuildPhase;
			buildActionMask = 2147483647;
			files = (
			);
			runOnlyForDeploymentPostprocessing = 0;
		};
		8E876E3C2A1CF880005ED773 /* Frameworks */ = {
			isa = PBXFrameworksBuildPhase;
			buildActionMask = 2147483647;
			files = (
			);
			runOnlyForDeploymentPostprocessing = 0;
		};
		8E876E462A1CF880005ED773 /* Frameworks */ = {
			isa = PBXFrameworksBuildPhase;
			buildActionMask = 2147483647;
			files = (
			);
			runOnlyForDeploymentPostprocessing = 0;
		};
/* End PBXFrameworksBuildPhase section */

/* Begin PBXGroup section */
		8E876E202A1CF87D005ED773 = {
			isa = PBXGroup;
			children = (
				8E876E2B2A1CF87D005ED773 /* AppStoreClone */,
				8E876E422A1CF880005ED773 /* AppStoreCloneTests */,
				8E876E4C2A1CF880005ED773 /* AppStoreCloneUITests */,
				8E876E2A2A1CF87D005ED773 /* Products */,
			);
			sourceTree = "<group>";
		};
		8E876E2A2A1CF87D005ED773 /* Products */ = {
			isa = PBXGroup;
			children = (
				8E876E292A1CF87D005ED773 /* AppStoreClone.app */,
				8E876E3F2A1CF880005ED773 /* AppStoreCloneTests.xctest */,
				8E876E492A1CF880005ED773 /* AppStoreCloneUITests.xctest */,
			);
			name = Products;
			sourceTree = "<group>";
		};
		8E876E2B2A1CF87D005ED773 /* AppStoreClone */ = {
			isa = PBXGroup;
			children = (
				8E876E2C2A1CF87D005ED773 /* AppDelegate.swift */,
				8E876E2E2A1CF87D005ED773 /* SceneDelegate.swift */,
				8ED9E5892A22E8CF0059BCD3 /* UI */,
				8E876E5C2A1CFA95005ED773 /* APIManager.swift */,
				8E876E352A1CF880005ED773 /* Assets.xcassets */,
				8E876E372A1CF880005ED773 /* LaunchScreen.storyboard */,
				8E876E3A2A1CF880005ED773 /* Info.plist */,
			);
			path = AppStoreClone;
			sourceTree = "<group>";
		};
		8E876E422A1CF880005ED773 /* AppStoreCloneTests */ = {
			isa = PBXGroup;
			children = (
				8E876E432A1CF880005ED773 /* AppStoreCloneTests.swift */,
			);
			path = AppStoreCloneTests;
			sourceTree = "<group>";
		};
		8E876E4C2A1CF880005ED773 /* AppStoreCloneUITests */ = {
			isa = PBXGroup;
			children = (
				8E876E4D2A1CF880005ED773 /* AppStoreCloneUITests.swift */,
				8E876E4F2A1CF880005ED773 /* AppStoreCloneUITestsLaunchTests.swift */,
			);
			path = AppStoreCloneUITests;
			sourceTree = "<group>";
		};
		8E94879C2A249A270073AD88 /* Model */ = {
			isa = PBXGroup;
			children = (
				8E94879D2A249A3B0073AD88 /* SearchSection.swift */,
				8E94879F2A249A4B0073AD88 /* SearchNewDiscoveryModel.swift */,
				8E9487A12A249A5C0073AD88 /* SearchRecommenModel.swift */,
			);
			path = Model;
			sourceTree = "<group>";
		};
		8E9487A32A249AD10073AD88 /* View */ = {
			isa = PBXGroup;
			children = (
				8E94879A2A2493120073AD88 /* SearchSectionHeaderView.swift */,
				8E9487962A2447260073AD88 /* NewDiscoveryCell.swift */,
				8E9487982A24473E0073AD88 /* RecommendItemCell.swift */,
			);
			path = View;
			sourceTree = "<group>";
		};
		8ED9E5832A22E89E0059BCD3 /* TabBar */ = {
			isa = PBXGroup;
			children = (
				8E876E5E2A1CFD9A005ED773 /* MainTabBarController.swift */,
			);
			path = TabBar;
			sourceTree = "<group>";
		};
		8ED9E5842A22E8AA0059BCD3 /* Home */ = {
			isa = PBXGroup;
			children = (
				8ED9E58A2A22E8FB0059BCD3 /* HomeViewController.swift */,
			);
			path = Home;
			sourceTree = "<group>";
		};
		8ED9E5852A22E8AF0059BCD3 /* Game */ = {
			isa = PBXGroup;
			children = (
				8ED9E58C2A22E90F0059BCD3 /* GameViewController.swift */,
			);
			path = Game;
			sourceTree = "<group>";
		};
		8ED9E5862A22E8B40059BCD3 /* App */ = {
			isa = PBXGroup;
			children = (
				8ED9E58E2A22E9250059BCD3 /* AppViewController.swift */,
			);
			path = App;
			sourceTree = "<group>";
		};
		8ED9E5872A22E8BB0059BCD3 /* Arcade */ = {
			isa = PBXGroup;
			children = (
				8ED9E5902A22E9370059BCD3 /* ArcadeViewController.swift */,
			);
			path = Arcade;
			sourceTree = "<group>";
		};
		8ED9E5882A22E8C10059BCD3 /* Search */ = {
			isa = PBXGroup;
			children = (
				8ED9E5812A22E6A10059BCD3 /* SearchViewController.swift */,
				8ED9E5952A2301AD0059BCD3 /* SearchViewModel.swift */,
				8E9487A32A249AD10073AD88 /* View */,
				8E94879C2A249A270073AD88 /* Model */,
			);
			path = Search;
			sourceTree = "<group>";
		};
		8ED9E5892A22E8CF0059BCD3 /* UI */ = {
			isa = PBXGroup;
			children = (
				8ED9E5832A22E89E0059BCD3 /* TabBar */,
				8ED9E5842A22E8AA0059BCD3 /* Home */,
				8ED9E5852A22E8AF0059BCD3 /* Game */,
				8ED9E5862A22E8B40059BCD3 /* App */,
				8ED9E5872A22E8BB0059BCD3 /* Arcade */,
				8ED9E5882A22E8C10059BCD3 /* Search */,
				8ED9E5922A22EC7B0059BCD3 /* Common */,
			);
			path = UI;
			sourceTree = "<group>";
		};
		8ED9E5922A22EC7B0059BCD3 /* Common */ = {
			isa = PBXGroup;
			children = (
				8ED9E5932A22EC8D0059BCD3 /* UIColor+.swift */,
			);
			path = Common;
			sourceTree = "<group>";
		};
/* End PBXGroup section */

/* Begin PBXNativeTarget section */
		8E876E282A1CF87D005ED773 /* AppStoreClone */ = {
			isa = PBXNativeTarget;
			buildConfigurationList = 8E876E532A1CF880005ED773 /* Build configuration list for PBXNativeTarget "AppStoreClone" */;
			buildPhases = (
				8E876E252A1CF87D005ED773 /* Sources */,
				8E876E262A1CF87D005ED773 /* Frameworks */,
				8E876E272A1CF87D005ED773 /* Resources */,
			);
			buildRules = (
			);
			dependencies = (
			);
			name = AppStoreClone;
			productName = AppStoreClone;
			productReference = 8E876E292A1CF87D005ED773 /* AppStoreClone.app */;
			productType = "com.apple.product-type.application";
		};
		8E876E3E2A1CF880005ED773 /* AppStoreCloneTests */ = {
			isa = PBXNativeTarget;
			buildConfigurationList = 8E876E562A1CF880005ED773 /* Build configuration list for PBXNativeTarget "AppStoreCloneTests" */;
			buildPhases = (
				8E876E3B2A1CF880005ED773 /* Sources */,
				8E876E3C2A1CF880005ED773 /* Frameworks */,
				8E876E3D2A1CF880005ED773 /* Resources */,
			);
			buildRules = (
			);
			dependencies = (
				8E876E412A1CF880005ED773 /* PBXTargetDependency */,
			);
			name = AppStoreCloneTests;
			productName = AppStoreCloneTests;
			productReference = 8E876E3F2A1CF880005ED773 /* AppStoreCloneTests.xctest */;
			productType = "com.apple.product-type.bundle.unit-test";
		};
		8E876E482A1CF880005ED773 /* AppStoreCloneUITests */ = {
			isa = PBXNativeTarget;
			buildConfigurationList = 8E876E592A1CF880005ED773 /* Build configuration list for PBXNativeTarget "AppStoreCloneUITests" */;
			buildPhases = (
				8E876E452A1CF880005ED773 /* Sources */,
				8E876E462A1CF880005ED773 /* Frameworks */,
				8E876E472A1CF880005ED773 /* Resources */,
			);
			buildRules = (
			);
			dependencies = (
				8E876E4B2A1CF880005ED773 /* PBXTargetDependency */,
			);
			name = AppStoreCloneUITests;
			productName = AppStoreCloneUITests;
			productReference = 8E876E492A1CF880005ED773 /* AppStoreCloneUITests.xctest */;
			productType = "com.apple.product-type.bundle.ui-testing";
		};
/* End PBXNativeTarget section */

/* Begin PBXProject section */
		8E876E212A1CF87D005ED773 /* Project object */ = {
			isa = PBXProject;
			attributes = {
				BuildIndependentTargetsInParallel = 1;
				LastSwiftUpdateCheck = 1430;
				LastUpgradeCheck = 1430;
				TargetAttributes = {
					8E876E282A1CF87D005ED773 = {
						CreatedOnToolsVersion = 14.3;
					};
					8E876E3E2A1CF880005ED773 = {
						CreatedOnToolsVersion = 14.3;
						TestTargetID = 8E876E282A1CF87D005ED773;
					};
					8E876E482A1CF880005ED773 = {
						CreatedOnToolsVersion = 14.3;
						TestTargetID = 8E876E282A1CF87D005ED773;
					};
				};
			};
			buildConfigurationList = 8E876E242A1CF87D005ED773 /* Build configuration list for PBXProject "AppStoreClone" */;
			compatibilityVersion = "Xcode 14.0";
			developmentRegion = en;
			hasScannedForEncodings = 0;
			knownRegions = (
				en,
				Base,
			);
			mainGroup = 8E876E202A1CF87D005ED773;
			productRefGroup = 8E876E2A2A1CF87D005ED773 /* Products */;
			projectDirPath = "";
			projectRoot = "";
			targets = (
				8E876E282A1CF87D005ED773 /* AppStoreClone */,
				8E876E3E2A1CF880005ED773 /* AppStoreCloneTests */,
				8E876E482A1CF880005ED773 /* AppStoreCloneUITests */,
			);
		};
/* End PBXProject section */

/* Begin PBXResourcesBuildPhase section */
		8E876E272A1CF87D005ED773 /* Resources */ = {
			isa = PBXResourcesBuildPhase;
			buildActionMask = 2147483647;
			files = (
				8E876E392A1CF880005ED773 /* LaunchScreen.storyboard in Resources */,
				8E876E362A1CF880005ED773 /* Assets.xcassets in Resources */,
			);
			runOnlyForDeploymentPostprocessing = 0;
		};
		8E876E3D2A1CF880005ED773 /* Resources */ = {
			isa = PBXResourcesBuildPhase;
			buildActionMask = 2147483647;
			files = (
			);
			runOnlyForDeploymentPostprocessing = 0;
		};
		8E876E472A1CF880005ED773 /* Resources */ = {
			isa = PBXResourcesBuildPhase;
			buildActionMask = 2147483647;
			files = (
			);
			runOnlyForDeploymentPostprocessing = 0;
		};
/* End PBXResourcesBuildPhase section */

/* Begin PBXSourcesBuildPhase section */
		8E876E252A1CF87D005ED773 /* Sources */ = {
			isa = PBXSourcesBuildPhase;
			buildActionMask = 2147483647;
			files = (
				8ED9E5962A2301AD0059BCD3 /* SearchViewModel.swift in Sources */,
				8E94879B2A2493120073AD88 /* SearchSectionHeaderView.swift in Sources */,
				8ED9E5822A22E6A10059BCD3 /* SearchViewController.swift in Sources */,
				8E876E5D2A1CFA95005ED773 /* APIManager.swift in Sources */,
				8ED9E5912A22E9370059BCD3 /* ArcadeViewController.swift in Sources */,
				8E9487A02A249A4B0073AD88 /* SearchNewDiscoveryModel.swift in Sources */,
				8E876E5F2A1CFD9A005ED773 /* MainTabBarController.swift in Sources */,
				8E9487992A24473E0073AD88 /* RecommendItemCell.swift in Sources */,
				8E9487A22A249A5C0073AD88 /* SearchRecommenModel.swift in Sources */,
				8ED9E58D2A22E90F0059BCD3 /* GameViewController.swift in Sources */,
				8E94879E2A249A3B0073AD88 /* SearchSection.swift in Sources */,
				8E876E2D2A1CF87D005ED773 /* AppDelegate.swift in Sources */,
				8E9487972A2447260073AD88 /* NewDiscoveryCell.swift in Sources */,
				8ED9E58F2A22E9250059BCD3 /* AppViewController.swift in Sources */,
				8ED9E58B2A22E8FB0059BCD3 /* HomeViewController.swift in Sources */,
				8E876E2F2A1CF87D005ED773 /* SceneDelegate.swift in Sources */,
				8ED9E5942A22EC8D0059BCD3 /* UIColor+.swift in Sources */,
			);
			runOnlyForDeploymentPostprocessing = 0;
		};
		8E876E3B2A1CF880005ED773 /* Sources */ = {
			isa = PBXSourcesBuildPhase;
			buildActionMask = 2147483647;
			files = (
				8E876E442A1CF880005ED773 /* AppStoreCloneTests.swift in Sources */,
			);
			runOnlyForDeploymentPostprocessing = 0;
		};
		8E876E452A1CF880005ED773 /* Sources */ = {
			isa = PBXSourcesBuildPhase;
			buildActionMask = 2147483647;
			files = (
				8E876E502A1CF880005ED773 /* AppStoreCloneUITestsLaunchTests.swift in Sources */,
				8E876E4E2A1CF880005ED773 /* AppStoreCloneUITests.swift in Sources */,
			);
			runOnlyForDeploymentPostprocessing = 0;
		};
/* End PBXSourcesBuildPhase section */

/* Begin PBXTargetDependency section */
		8E876E412A1CF880005ED773 /* PBXTargetDependency */ = {
			isa = PBXTargetDependency;
			target = 8E876E282A1CF87D005ED773 /* AppStoreClone */;
			targetProxy = 8E876E402A1CF880005ED773 /* PBXContainerItemProxy */;
		};
		8E876E4B2A1CF880005ED773 /* PBXTargetDependency */ = {
			isa = PBXTargetDependency;
			target = 8E876E282A1CF87D005ED773 /* AppStoreClone */;
			targetProxy = 8E876E4A2A1CF880005ED773 /* PBXContainerItemProxy */;
		};
/* End PBXTargetDependency section */

/* Begin PBXVariantGroup section */
		8E876E372A1CF880005ED773 /* LaunchScreen.storyboard */ = {
			isa = PBXVariantGroup;
			children = (
				8E876E382A1CF880005ED773 /* Base */,
			);
			name = LaunchScreen.storyboard;
			sourceTree = "<group>";
		};
/* End PBXVariantGroup section */

/* Begin XCBuildConfiguration section */
		8E876E512A1CF880005ED773 /* Debug */ = {
			isa = XCBuildConfiguration;
			buildSettings = {
				ALWAYS_SEARCH_USER_PATHS = NO;
				CLANG_ANALYZER_NONNULL = YES;
				CLANG_ANALYZER_NUMBER_OBJECT_CONVERSION = YES_AGGRESSIVE;
				CLANG_CXX_LANGUAGE_STANDARD = "gnu++20";
				CLANG_ENABLE_MODULES = YES;
				CLANG_ENABLE_OBJC_ARC = YES;
				CLANG_ENABLE_OBJC_WEAK = YES;
				CLANG_WARN_BLOCK_CAPTURE_AUTORELEASING = YES;
				CLANG_WARN_BOOL_CONVERSION = YES;
				CLANG_WARN_COMMA = YES;
				CLANG_WARN_CONSTANT_CONVERSION = YES;
				CLANG_WARN_DEPRECATED_OBJC_IMPLEMENTATIONS = YES;
				CLANG_WARN_DIRECT_OBJC_ISA_USAGE = YES_ERROR;
				CLANG_WARN_DOCUMENTATION_COMMENTS = YES;
				CLANG_WARN_EMPTY_BODY = YES;
				CLANG_WARN_ENUM_CONVERSION = YES;
				CLANG_WARN_INFINITE_RECURSION = YES;
				CLANG_WARN_INT_CONVERSION = YES;
				CLANG_WARN_NON_LITERAL_NULL_CONVERSION = YES;
				CLANG_WARN_OBJC_IMPLICIT_RETAIN_SELF = YES;
				CLANG_WARN_OBJC_LITERAL_CONVERSION = YES;
				CLANG_WARN_OBJC_ROOT_CLASS = YES_ERROR;
				CLANG_WARN_QUOTED_INCLUDE_IN_FRAMEWORK_HEADER = YES;
				CLANG_WARN_RANGE_LOOP_ANALYSIS = YES;
				CLANG_WARN_STRICT_PROTOTYPES = YES;
				CLANG_WARN_SUSPICIOUS_MOVE = YES;
				CLANG_WARN_UNGUARDED_AVAILABILITY = YES_AGGRESSIVE;
				CLANG_WARN_UNREACHABLE_CODE = YES;
				CLANG_WARN__DUPLICATE_METHOD_MATCH = YES;
				COPY_PHASE_STRIP = NO;
				DEBUG_INFORMATION_FORMAT = dwarf;
				ENABLE_STRICT_OBJC_MSGSEND = YES;
				ENABLE_TESTABILITY = YES;
				GCC_C_LANGUAGE_STANDARD = gnu11;
				GCC_DYNAMIC_NO_PIC = NO;
				GCC_NO_COMMON_BLOCKS = YES;
				GCC_OPTIMIZATION_LEVEL = 0;
				GCC_PREPROCESSOR_DEFINITIONS = (
					"DEBUG=1",
					"$(inherited)",
				);
				GCC_WARN_64_TO_32_BIT_CONVERSION = YES;
				GCC_WARN_ABOUT_RETURN_TYPE = YES_ERROR;
				GCC_WARN_UNDECLARED_SELECTOR = YES;
				GCC_WARN_UNINITIALIZED_AUTOS = YES_AGGRESSIVE;
				GCC_WARN_UNUSED_FUNCTION = YES;
				GCC_WARN_UNUSED_VARIABLE = YES;
				IPHONEOS_DEPLOYMENT_TARGET = 16.4;
				MTL_ENABLE_DEBUG_INFO = INCLUDE_SOURCE;
				MTL_FAST_MATH = YES;
				ONLY_ACTIVE_ARCH = YES;
				SDKROOT = iphoneos;
				SWIFT_ACTIVE_COMPILATION_CONDITIONS = DEBUG;
				SWIFT_OPTIMIZATION_LEVEL = "-Onone";
			};
			name = Debug;
		};
		8E876E522A1CF880005ED773 /* Release */ = {
			isa = XCBuildConfiguration;
			buildSettings = {
				ALWAYS_SEARCH_USER_PATHS = NO;
				CLANG_ANALYZER_NONNULL = YES;
				CLANG_ANALYZER_NUMBER_OBJECT_CONVERSION = YES_AGGRESSIVE;
				CLANG_CXX_LANGUAGE_STANDARD = "gnu++20";
				CLANG_ENABLE_MODULES = YES;
				CLANG_ENABLE_OBJC_ARC = YES;
				CLANG_ENABLE_OBJC_WEAK = YES;
				CLANG_WARN_BLOCK_CAPTURE_AUTORELEASING = YES;
				CLANG_WARN_BOOL_CONVERSION = YES;
				CLANG_WARN_COMMA = YES;
				CLANG_WARN_CONSTANT_CONVERSION = YES;
				CLANG_WARN_DEPRECATED_OBJC_IMPLEMENTATIONS = YES;
				CLANG_WARN_DIRECT_OBJC_ISA_USAGE = YES_ERROR;
				CLANG_WARN_DOCUMENTATION_COMMENTS = YES;
				CLANG_WARN_EMPTY_BODY = YES;
				CLANG_WARN_ENUM_CONVERSION = YES;
				CLANG_WARN_INFINITE_RECURSION = YES;
				CLANG_WARN_INT_CONVERSION = YES;
				CLANG_WARN_NON_LITERAL_NULL_CONVERSION = YES;
				CLANG_WARN_OBJC_IMPLICIT_RETAIN_SELF = YES;
				CLANG_WARN_OBJC_LITERAL_CONVERSION = YES;
				CLANG_WARN_OBJC_ROOT_CLASS = YES_ERROR;
				CLANG_WARN_QUOTED_INCLUDE_IN_FRAMEWORK_HEADER = YES;
				CLANG_WARN_RANGE_LOOP_ANALYSIS = YES;
				CLANG_WARN_STRICT_PROTOTYPES = YES;
				CLANG_WARN_SUSPICIOUS_MOVE = YES;
				CLANG_WARN_UNGUARDED_AVAILABILITY = YES_AGGRESSIVE;
				CLANG_WARN_UNREACHABLE_CODE = YES;
				CLANG_WARN__DUPLICATE_METHOD_MATCH = YES;
				COPY_PHASE_STRIP = NO;
				DEBUG_INFORMATION_FORMAT = "dwarf-with-dsym";
				ENABLE_NS_ASSERTIONS = NO;
				ENABLE_STRICT_OBJC_MSGSEND = YES;
				GCC_C_LANGUAGE_STANDARD = gnu11;
				GCC_NO_COMMON_BLOCKS = YES;
				GCC_WARN_64_TO_32_BIT_CONVERSION = YES;
				GCC_WARN_ABOUT_RETURN_TYPE = YES_ERROR;
				GCC_WARN_UNDECLARED_SELECTOR = YES;
				GCC_WARN_UNINITIALIZED_AUTOS = YES_AGGRESSIVE;
				GCC_WARN_UNUSED_FUNCTION = YES;
				GCC_WARN_UNUSED_VARIABLE = YES;
				IPHONEOS_DEPLOYMENT_TARGET = 16.4;
				MTL_ENABLE_DEBUG_INFO = NO;
				MTL_FAST_MATH = YES;
				SDKROOT = iphoneos;
				SWIFT_COMPILATION_MODE = wholemodule;
				SWIFT_OPTIMIZATION_LEVEL = "-O";
				VALIDATE_PRODUCT = YES;
			};
			name = Release;
		};
		8E876E542A1CF880005ED773 /* Debug */ = {
			isa = XCBuildConfiguration;
			buildSettings = {
				ASSETCATALOG_COMPILER_APPICON_NAME = AppIcon;
				ASSETCATALOG_COMPILER_GLOBAL_ACCENT_COLOR_NAME = AccentColor;
				CODE_SIGN_STYLE = Automatic;
				CURRENT_PROJECT_VERSION = 1;
				DEVELOPMENT_TEAM = VP52T77886;
				GENERATE_INFOPLIST_FILE = YES;
				INFOPLIST_FILE = AppStoreClone/Info.plist;
				INFOPLIST_KEY_UIApplicationSupportsIndirectInputEvents = YES;
				INFOPLIST_KEY_UILaunchStoryboardName = LaunchScreen;
				INFOPLIST_KEY_UISupportedInterfaceOrientations_iPad = "UIInterfaceOrientationPortrait UIInterfaceOrientationPortraitUpsideDown UIInterfaceOrientationLandscapeLeft UIInterfaceOrientationLandscapeRight";
				INFOPLIST_KEY_UISupportedInterfaceOrientations_iPhone = "UIInterfaceOrientationPortrait UIInterfaceOrientationLandscapeLeft UIInterfaceOrientationLandscapeRight";
				LD_RUNPATH_SEARCH_PATHS = (
					"$(inherited)",
					"@executable_path/Frameworks",
				);
				MARKETING_VERSION = 1.0;
				PRODUCT_BUNDLE_IDENTIFIER = com.AppStoreClone;
				PRODUCT_NAME = "$(TARGET_NAME)";
				SWIFT_EMIT_LOC_STRINGS = YES;
				SWIFT_VERSION = 5.0;
				TARGETED_DEVICE_FAMILY = "1,2";
			};
			name = Debug;
		};
		8E876E552A1CF880005ED773 /* Release */ = {
			isa = XCBuildConfiguration;
			buildSettings = {
				ASSETCATALOG_COMPILER_APPICON_NAME = AppIcon;
				ASSETCATALOG_COMPILER_GLOBAL_ACCENT_COLOR_NAME = AccentColor;
				CODE_SIGN_STYLE = Automatic;
				CURRENT_PROJECT_VERSION = 1;
				DEVELOPMENT_TEAM = VP52T77886;
				GENERATE_INFOPLIST_FILE = YES;
				INFOPLIST_FILE = AppStoreClone/Info.plist;
				INFOPLIST_KEY_UIApplicationSupportsIndirectInputEvents = YES;
				INFOPLIST_KEY_UILaunchStoryboardName = LaunchScreen;
				INFOPLIST_KEY_UISupportedInterfaceOrientations_iPad = "UIInterfaceOrientationPortrait UIInterfaceOrientationPortraitUpsideDown UIInterfaceOrientationLandscapeLeft UIInterfaceOrientationLandscapeRight";
				INFOPLIST_KEY_UISupportedInterfaceOrientations_iPhone = "UIInterfaceOrientationPortrait UIInterfaceOrientationLandscapeLeft UIInterfaceOrientationLandscapeRight";
				LD_RUNPATH_SEARCH_PATHS = (
					"$(inherited)",
					"@executable_path/Frameworks",
				);
				MARKETING_VERSION = 1.0;
				PRODUCT_BUNDLE_IDENTIFIER = com.AppStoreClone;
				PRODUCT_NAME = "$(TARGET_NAME)";
				SWIFT_EMIT_LOC_STRINGS = YES;
				SWIFT_VERSION = 5.0;
				TARGETED_DEVICE_FAMILY = "1,2";
			};
			name = Release;
		};
		8E876E572A1CF880005ED773 /* Debug */ = {
			isa = XCBuildConfiguration;
			buildSettings = {
				ALWAYS_EMBED_SWIFT_STANDARD_LIBRARIES = YES;
				BUNDLE_LOADER = "$(TEST_HOST)";
				CODE_SIGN_STYLE = Automatic;
				CURRENT_PROJECT_VERSION = 1;
				DEVELOPMENT_TEAM = VP52T77886;
				GENERATE_INFOPLIST_FILE = YES;
				IPHONEOS_DEPLOYMENT_TARGET = 16.4;
				MARKETING_VERSION = 1.0;
				PRODUCT_BUNDLE_IDENTIFIER = com.AppStoreCloneTests;
				PRODUCT_NAME = "$(TARGET_NAME)";
				SWIFT_EMIT_LOC_STRINGS = NO;
				SWIFT_VERSION = 5.0;
				TARGETED_DEVICE_FAMILY = "1,2";
				TEST_HOST = "$(BUILT_PRODUCTS_DIR)/AppStoreClone.app/$(BUNDLE_EXECUTABLE_FOLDER_PATH)/AppStoreClone";
			};
			name = Debug;
		};
		8E876E582A1CF880005ED773 /* Release */ = {
			isa = XCBuildConfiguration;
			buildSettings = {
				ALWAYS_EMBED_SWIFT_STANDARD_LIBRARIES = YES;
				BUNDLE_LOADER = "$(TEST_HOST)";
				CODE_SIGN_STYLE = Automatic;
				CURRENT_PROJECT_VERSION = 1;
				DEVELOPMENT_TEAM = VP52T77886;
				GENERATE_INFOPLIST_FILE = YES;
				IPHONEOS_DEPLOYMENT_TARGET = 16.4;
				MARKETING_VERSION = 1.0;
				PRODUCT_BUNDLE_IDENTIFIER = com.AppStoreCloneTests;
				PRODUCT_NAME = "$(TARGET_NAME)";
				SWIFT_EMIT_LOC_STRINGS = NO;
				SWIFT_VERSION = 5.0;
				TARGETED_DEVICE_FAMILY = "1,2";
				TEST_HOST = "$(BUILT_PRODUCTS_DIR)/AppStoreClone.app/$(BUNDLE_EXECUTABLE_FOLDER_PATH)/AppStoreClone";
			};
			name = Release;
		};
		8E876E5A2A1CF880005ED773 /* Debug */ = {
			isa = XCBuildConfiguration;
			buildSettings = {
				ALWAYS_EMBED_SWIFT_STANDARD_LIBRARIES = YES;
				CODE_SIGN_STYLE = Automatic;
				CURRENT_PROJECT_VERSION = 1;
				DEVELOPMENT_TEAM = VP52T77886;
				GENERATE_INFOPLIST_FILE = YES;
				MARKETING_VERSION = 1.0;
				PRODUCT_BUNDLE_IDENTIFIER = com.AppStoreCloneUITests;
				PRODUCT_NAME = "$(TARGET_NAME)";
				SWIFT_EMIT_LOC_STRINGS = NO;
				SWIFT_VERSION = 5.0;
				TARGETED_DEVICE_FAMILY = "1,2";
				TEST_TARGET_NAME = AppStoreClone;
			};
			name = Debug;
		};
		8E876E5B2A1CF880005ED773 /* Release */ = {
			isa = XCBuildConfiguration;
			buildSettings = {
				ALWAYS_EMBED_SWIFT_STANDARD_LIBRARIES = YES;
				CODE_SIGN_STYLE = Automatic;
				CURRENT_PROJECT_VERSION = 1;
				DEVELOPMENT_TEAM = VP52T77886;
				GENERATE_INFOPLIST_FILE = YES;
				MARKETING_VERSION = 1.0;
				PRODUCT_BUNDLE_IDENTIFIER = com.AppStoreCloneUITests;
				PRODUCT_NAME = "$(TARGET_NAME)";
				SWIFT_EMIT_LOC_STRINGS = NO;
				SWIFT_VERSION = 5.0;
				TARGETED_DEVICE_FAMILY = "1,2";
				TEST_TARGET_NAME = AppStoreClone;
			};
			name = Release;
		};
/* End XCBuildConfiguration section */

/* Begin XCConfigurationList section */
		8E876E242A1CF87D005ED773 /* Build configuration list for PBXProject "AppStoreClone" */ = {
			isa = XCConfigurationList;
			buildConfigurations = (
				8E876E512A1CF880005ED773 /* Debug */,
				8E876E522A1CF880005ED773 /* Release */,
			);
			defaultConfigurationIsVisible = 0;
			defaultConfigurationName = Release;
		};
		8E876E532A1CF880005ED773 /* Build configuration list for PBXNativeTarget "AppStoreClone" */ = {
			isa = XCConfigurationList;
			buildConfigurations = (
				8E876E542A1CF880005ED773 /* Debug */,
				8E876E552A1CF880005ED773 /* Release */,
			);
			defaultConfigurationIsVisible = 0;
			defaultConfigurationName = Release;
		};
		8E876E562A1CF880005ED773 /* Build configuration list for PBXNativeTarget "AppStoreCloneTests" */ = {
			isa = XCConfigurationList;
			buildConfigurations = (
				8E876E572A1CF880005ED773 /* Debug */,
				8E876E582A1CF880005ED773 /* Release */,
			);
			defaultConfigurationIsVisible = 0;
			defaultConfigurationName = Release;
		};
		8E876E592A1CF880005ED773 /* Build configuration list for PBXNativeTarget "AppStoreCloneUITests" */ = {
			isa = XCConfigurationList;
			buildConfigurations = (
				8E876E5A2A1CF880005ED773 /* Debug */,
				8E876E5B2A1CF880005ED773 /* Release */,
			);
			defaultConfigurationIsVisible = 0;
			defaultConfigurationName = Release;
		};
/* End XCConfigurationList section */
	};
	rootObject = 8E876E212A1CF87D005ED773 /* Project object */;
}
